
Microsoft Visual Studio Solution File, Format Version 12.00
# Visual Studio Version 16
VisualStudioVersion = 16.0.31702.278
MinimumVisualStudioVersion = 10.0.40219.1
Project("{FAE04EC0-301F-11D3-BF4B-00C04F79EFBC}") = "Rabbits_new", "Rabbits_new.csproj", "{C736EEA2-FCC5-4A64-971F-69347276572E}"
EndProject
Global
	GlobalSection(SolutionConfigurationPlatforms) = preSolution
		Debug|Any CPU = Debug|Any CPU
		Release|Any CPU = Release|Any CPU
	EndGlobalSection
	GlobalSection(ProjectConfigurationPlatforms) = postSolution
		{C736EEA2-FCC5-4A64-971F-69347276572E}.Debug|Any CPU.ActiveCfg = Debug|Any CPU
		{C736EEA2-FCC5-4A64-971F-69347276572E}.Debug|Any CPU.Build.0 = Debug|Any CPU
		{C736EEA2-FCC5-4A64-971F-69347276572E}.Release|Any CPU.ActiveCfg = Release|Any CPU
		{C736EEA2-FCC5-4A64-971F-69347276572E}.Release|Any CPU.Build.0 = Release|Any CPU
	EndGlobalSection
	GlobalSection(SolutionProperties) = preSolution
		HideSolutionNode = FALSE
	EndGlobalSection
	GlobalSection(ExtensibilityGlobals) = postSolution
		SolutionGuid = {55CC22A9-27D2-4EA5-BC97-FF9418BD538A}
	EndGlobalSection
EndGlobal
